
Microsoft Visual Studio Solution File, Format Version 12.00
# Visual Studio 14
VisualStudioVersion = 14.0.24720.0
MinimumVisualStudioVersion = 10.0.40219.1
Project("{FAE04EC0-301F-11D3-BF4B-00C04F79EFBC}") = "AdventOfCode", "src\AdventOfCode\AdventOfCode.csproj", "{8E120504-5594-408E-9AA8-853F72B8DC86}"
EndProject
Project("{FAE04EC0-301F-11D3-BF4B-00C04F79EFBC}") = "AdventOfCode.Tests", "src\AdventOfCode.Tests\AdventOfCode.Tests.csproj", "{9B02691D-F208-4BC7-A2DF-D116A50DD8DC}"
EndProject
Project("{FAE04EC0-301F-11D3-BF4B-00C04F79EFBC}") = "AdventOfCode.Output", "src\AdventOfCode.Output\AdventOfCode.Output.csproj", "{DB84CDFA-6D43-4360-8CBC-6731E18D0B2C}"
EndProject
Project("{2150E333-8FDC-42A3-9474-1A3956D46DE8}") = "Solution Items", "Solution Items", "{183DCB30-A2D1-4CD2-9EE9-CA1483B10505}"
	ProjectSection(SolutionItems) = preProject
		README.md = README.md
	EndProjectSection
EndProject
Global
	GlobalSection(SolutionConfigurationPlatforms) = preSolution
		Debug|Any CPU = Debug|Any CPU
		Release|Any CPU = Release|Any CPU
	EndGlobalSection
	GlobalSection(ProjectConfigurationPlatforms) = postSolution
		{8E120504-5594-408E-9AA8-853F72B8DC86}.Debug|Any CPU.ActiveCfg = Debug|Any CPU
		{8E120504-5594-408E-9AA8-853F72B8DC86}.Debug|Any CPU.Build.0 = Debug|Any CPU
		{8E120504-5594-408E-9AA8-853F72B8DC86}.Release|Any CPU.ActiveCfg = Release|Any CPU
		{8E120504-5594-408E-9AA8-853F72B8DC86}.Release|Any CPU.Build.0 = Release|Any CPU
		{9B02691D-F208-4BC7-A2DF-D116A50DD8DC}.Debug|Any CPU.ActiveCfg = Debug|Any CPU
		{9B02691D-F208-4BC7-A2DF-D116A50DD8DC}.Debug|Any CPU.Build.0 = Debug|Any CPU
		{9B02691D-F208-4BC7-A2DF-D116A50DD8DC}.Release|Any CPU.ActiveCfg = Release|Any CPU
		{9B02691D-F208-4BC7-A2DF-D116A50DD8DC}.Release|Any CPU.Build.0 = Release|Any CPU
		{DB84CDFA-6D43-4360-8CBC-6731E18D0B2C}.Debug|Any CPU.ActiveCfg = Debug|Any CPU
		{DB84CDFA-6D43-4360-8CBC-6731E18D0B2C}.Debug|Any CPU.Build.0 = Debug|Any CPU
		{DB84CDFA-6D43-4360-8CBC-6731E18D0B2C}.Release|Any CPU.ActiveCfg = Release|Any CPU
		{DB84CDFA-6D43-4360-8CBC-6731E18D0B2C}.Release|Any CPU.Build.0 = Release|Any CPU
	EndGlobalSection
	GlobalSection(SolutionProperties) = preSolution
		HideSolutionNode = FALSE
	EndGlobalSection
EndGlobal
